
Microsoft Visual Studio Solution File, Format Version 12.00
# Visual Studio 2013
VisualStudioVersion = 12.0.40629.0
MinimumVisualStudioVersion = 10.0.40219.1
Project("{8BC9CEB8-8B4A-11D0-8D11-00A0C91BC942}") = "netease", "netease\netease.vcxproj", "{CBD08E50-6FE1-42C0-8874-E891FEAB9ECF}"
EndProject
Global
	GlobalSection(SolutionConfigurationPlatforms) = preSolution
		Debug|Win32 = Debug|Win32
		Release|Win32 = Release|Win32
	EndGlobalSection
	GlobalSection(ProjectConfigurationPlatforms) = postSolution
		{CBD08E50-6FE1-42C0-8874-E891FEAB9ECF}.Debug|Win32.ActiveCfg = Debug|Win32
		{CBD08E50-6FE1-42C0-8874-E891FEAB9ECF}.Debug|Win32.Build.0 = Debug|Win32
		{CBD08E50-6FE1-42C0-8874-E891FEAB9ECF}.Release|Win32.ActiveCfg = Release|Win32
		{CBD08E50-6FE1-42C0-8874-E891FEAB9ECF}.Release|Win32.Build.0 = Release|Win32
	EndGlobalSection
	GlobalSection(SolutionProperties) = preSolution
		HideSolutionNode = FALSE
	EndGlobalSection
EndGlobal
